
Microsoft Visual Studio Solution File, Format Version 12.00
# Visual Studio Version 17
VisualStudioVersion = 17.0.31903.59
MinimumVisualStudioVersion = 10.0.40219.1
Project("{2150E333-8FDC-42A3-9474-1A3956D46DE8}") = "src", "src", "{827E0CD3-B72D-47B6-A68D-7590B98EB39B}"
EndProject
Project("{FAE04EC0-301F-11D3-BF4B-00C04F79EFBC}") = "FileProcessing.Api", "src\FileProcessing.Api\FileProcessing.Api.csproj", "{5916DA68-6A45-497A-B849-50595E783554}"
EndProject
Project("{FAE04EC0-301F-11D3-BF4B-00C04F79EFBC}") = "FileProcessing.Api.Tests", "tests\FileProcessing.Api.Tests\FileProcessing.Api.Tests.csproj", "{86D96503-DDDF-4B5B-BEDC-AB7956E78FDB}"
EndProject
Global
	GlobalSection(SolutionConfigurationPlatforms) = preSolution
		Debug|Any CPU = Debug|Any CPU
		Debug|x64 = Debug|x64
		Debug|x86 = Debug|x86
		Release|Any CPU = Release|Any CPU
		Release|x64 = Release|x64
		Release|x86 = Release|x86
	EndGlobalSection
	GlobalSection(ProjectConfigurationPlatforms) = postSolution
		{5916DA68-6A45-497A-B849-50595E783554}.Debug|Any CPU.ActiveCfg = Debug|Any CPU
		{5916DA68-6A45-497A-B849-50595E783554}.Debug|Any CPU.Build.0 = Debug|Any CPU
		{5916DA68-6A45-497A-B849-50595E783554}.Debug|x64.ActiveCfg = Debug|Any CPU
		{5916DA68-6A45-497A-B849-50595E783554}.Debug|x64.Build.0 = Debug|Any CPU
		{5916DA68-6A45-497A-B849-50595E783554}.Debug|x86.ActiveCfg = Debug|Any CPU
		{5916DA68-6A45-497A-B849-50595E783554}.Debug|x86.Build.0 = Debug|Any CPU
		{5916DA68-6A45-497A-B849-50595E783554}.Release|Any CPU.ActiveCfg = Release|Any CPU
		{5916DA68-6A45-497A-B849-50595E783554}.Release|Any CPU.Build.0 = Release|Any CPU
		{5916DA68-6A45-497A-B849-50595E783554}.Release|x64.ActiveCfg = Release|Any CPU
		{5916DA68-6A45-497A-B849-50595E783554}.Release|x64.Build.0 = Release|Any CPU
		{5916DA68-6A45-497A-B849-50595E783554}.Release|x86.ActiveCfg = Release|Any CPU
		{5916DA68-6A45-497A-B849-50595E783554}.Release|x86.Build.0 = Release|Any CPU
		{86D96503-DDDF-4B5B-BEDC-AB7956E78FDB}.Debug|Any CPU.ActiveCfg = Debug|Any CPU
		{86D96503-DDDF-4B5B-BEDC-AB7956E78FDB}.Debug|Any CPU.Build.0 = Debug|Any CPU
		{86D96503-DDDF-4B5B-BEDC-AB7956E78FDB}.Debug|x64.ActiveCfg = Debug|Any CPU
		{86D96503-DDDF-4B5B-BEDC-AB7956E78FDB}.Debug|x64.Build.0 = Debug|Any CPU
		{86D96503-DDDF-4B5B-BEDC-AB7956E78FDB}.Debug|x86.ActiveCfg = Debug|Any CPU
		{86D96503-DDDF-4B5B-BEDC-AB7956E78FDB}.Debug|x86.Build.0 = Debug|Any CPU
		{86D96503-DDDF-4B5B-BEDC-AB7956E78FDB}.Release|Any CPU.ActiveCfg = Release|Any CPU
		{86D96503-DDDF-4B5B-BEDC-AB7956E78FDB}.Release|Any CPU.Build.0 = Release|Any CPU
		{86D96503-DDDF-4B5B-BEDC-AB7956E78FDB}.Release|x64.ActiveCfg = Release|Any CPU
		{86D96503-DDDF-4B5B-BEDC-AB7956E78FDB}.Release|x64.Build.0 = Release|Any CPU
		{86D96503-DDDF-4B5B-BEDC-AB7956E78FDB}.Release|x86.ActiveCfg = Release|Any CPU
		{86D96503-DDDF-4B5B-BEDC-AB7956E78FDB}.Release|x86.Build.0 = Release|Any CPU
	EndGlobalSection
	GlobalSection(SolutionProperties) = preSolution
		HideSolutionNode = FALSE
	EndGlobalSection
	GlobalSection(NestedProjects) = preSolution
		{5916DA68-6A45-497A-B849-50595E783554} = {827E0CD3-B72D-47B6-A68D-7590B98EB39B}
		{86D96503-DDDF-4B5B-BEDC-AB7956E78FDB} = {827E0CD3-B72D-47B6-A68D-7590B98EB39B}
	EndGlobalSection
EndGlobal
